// !$*UTF8*$!
{
	archiveVersion = 1;
	classes = {
	};
	objectVersion = 46;
	objects = {

/* Begin PBXBuildFile section */
		5C0EA41F18F51CFB0065545C /* GEMWebViewController.m in Sources */ = {isa = PBXBuildFile; fileRef = 5C0EA41E18F51CFB0065545C /* GEMWebViewController.m */; };
		5C3657FB18FF8AF2002D77CE /* GEMSettingsManager.m in Sources */ = {isa = PBXBuildFile; fileRef = 5C3657FA18FF8AF2002D77CE /* GEMSettingsManager.m */; };
		5C3657FE18FFAB69002D77CE /* checkmark.png in Resources */ = {isa = PBXBuildFile; fileRef = 5C3657FC18FFAB69002D77CE /* checkmark.png */; };
		5C3657FF18FFAB69002D77CE /* checkmark@2x.png in Resources */ = {isa = PBXBuildFile; fileRef = 5C3657FD18FFAB69002D77CE /* checkmark@2x.png */; };
		5C36580218FFBF05002D77CE /* GEMSearchTableViewController.m in Sources */ = {isa = PBXBuildFile; fileRef = 5C36580118FFBF05002D77CE /* GEMSearchTableViewController.m */; };
		5C3658051900CFEF002D77CE /* launchImage2x.png in Resources */ = {isa = PBXBuildFile; fileRef = 5C3658031900CFEF002D77CE /* launchImage2x.png */; };
		5C3658061900CFEF002D77CE /* launchImageR4.png in Resources */ = {isa = PBXBuildFile; fileRef = 5C3658041900CFEF002D77CE /* launchImageR4.png */; };
		5C3FF84118F22F1B00794524 /* GEMAddItemViewController.m in Sources */ = {isa = PBXBuildFile; fileRef = 5C3FF84018F22F1B00794524 /* GEMAddItemViewController.m */; };
		5C3FF84418F236B900794524 /* GEMItem.m in Sources */ = {isa = PBXBuildFile; fileRef = 5C3FF84318F236B900794524 /* GEMItem.m */; };
		5C3FF84718F263E400794524 /* GEMSettingsViewController.m in Sources */ = {isa = PBXBuildFile; fileRef = 5C3FF84618F263E400794524 /* GEMSettingsViewController.m */; };
		5C3FF84B18F2641300794524 /* GEMAboutViewController.m in Sources */ = {isa = PBXBuildFile; fileRef = 5C3FF84A18F2641300794524 /* GEMAboutViewController.m */; };
		5CB7DF0618F97BE30025430A /* GEMRecipe.m in Sources */ = {isa = PBXBuildFile; fileRef = 5CB7DF0518F97BE30025430A /* GEMRecipe.m */; };
		5CD654B018EE5FE70015E244 /* Foundation.framework in Frameworks */ = {isa = PBXBuildFile; fileRef = 5CD654AF18EE5FE70015E244 /* Foundation.framework */; };
		5CD654B218EE5FE70015E244 /* CoreGraphics.framework in Frameworks */ = {isa = PBXBuildFile; fileRef = 5CD654B118EE5FE70015E244 /* CoreGraphics.framework */; };
		5CD654B418EE5FE70015E244 /* UIKit.framework in Frameworks */ = {isa = PBXBuildFile; fileRef = 5CD654B318EE5FE70015E244 /* UIKit.framework */; };
		5CD654BA18EE5FE70015E244 /* InfoPlist.strings in Resources */ = {isa = PBXBuildFile; fileRef = 5CD654B818EE5FE70015E244 /* InfoPlist.strings */; };
		5CD654BC18EE5FE70015E244 /* main.m in Sources */ = {isa = PBXBuildFile; fileRef = 5CD654BB18EE5FE70015E244 /* main.m */; };
		5CD654C018EE5FE70015E244 /* GEMAppDelegate.m in Sources */ = {isa = PBXBuildFile; fileRef = 5CD654BF18EE5FE70015E244 /* GEMAppDelegate.m */; };
		5CD654C318EE5FE70015E244 /* Main_iPhone.storyboard in Resources */ = {isa = PBXBuildFile; fileRef = 5CD654C118EE5FE70015E244 /* Main_iPhone.storyboard */; };
		5CD654C618EE5FE70015E244 /* Main_iPad.storyboard in Resources */ = {isa = PBXBuildFile; fileRef = 5CD654C418EE5FE70015E244 /* Main_iPad.storyboard */; };
		5CD654CB18EE5FE70015E244 /* Images.xcassets in Resources */ = {isa = PBXBuildFile; fileRef = 5CD654CA18EE5FE70015E244 /* Images.xcassets */; };
		5CD654D218EE5FE70015E244 /* XCTest.framework in Frameworks */ = {isa = PBXBuildFile; fileRef = 5CD654D118EE5FE70015E244 /* XCTest.framework */; };
		5CD654D318EE5FE70015E244 /* Foundation.framework in Frameworks */ = {isa = PBXBuildFile; fileRef = 5CD654AF18EE5FE70015E244 /* Foundation.framework */; };
		5CD654D418EE5FE70015E244 /* UIKit.framework in Frameworks */ = {isa = PBXBuildFile; fileRef = 5CD654B318EE5FE70015E244 /* UIKit.framework */; };
		5CD654DC18EE5FE70015E244 /* InfoPlist.strings in Resources */ = {isa = PBXBuildFile; fileRef = 5CD654DA18EE5FE70015E244 /* InfoPlist.strings */; };
		5CD654DE18EE5FE70015E244 /* Colab_a_listTests.m in Sources */ = {isa = PBXBuildFile; fileRef = 5CD654DD18EE5FE70015E244 /* Colab_a_listTests.m */; };
		5CD654EA18F1D3730015E244 /* SWRevealViewController.m in Sources */ = {isa = PBXBuildFile; fileRef = 5CD654E918F1D3730015E244 /* SWRevealViewController.m */; };
		5CD654F018F1F1F70015E244 /* GEMSideBarTableViewController.m in Sources */ = {isa = PBXBuildFile; fileRef = 5CD654EF18F1F1F70015E244 /* GEMSideBarTableViewController.m */; };
		5CD654F318F1F3480015E244 /* GEMShoppingListTableViewController.m in Sources */ = {isa = PBXBuildFile; fileRef = 5CD654F218F1F3480015E244 /* GEMShoppingListTableViewController.m */; };
		5CD654F618F220340015E244 /* GEMRecipesTableViewController.m in Sources */ = {isa = PBXBuildFile; fileRef = 5CD654F518F220340015E244 /* GEMRecipesTableViewController.m */; };
		5CD654F918F2206D0015E244 /* GEMMealPlanViewController.m in Sources */ = {isa = PBXBuildFile; fileRef = 5CD654F818F2206D0015E244 /* GEMMealPlanViewController.m */; };
		5CE95EF618FB740700C92378 /* seed.plist in Resources */ = {isa = PBXBuildFile; fileRef = 5CE95EF518FB740700C92378 /* seed.plist */; };
		5CECC82D18F6618600FAC4A2 /* menuIcon.png in Resources */ = {isa = PBXBuildFile; fileRef = 5CECC82C18F6618600FAC4A2 /* menuIcon.png */; };
		5CECC83118F670DA00FAC4A2 /* new-g-plus-icon-64.png in Resources */ = {isa = PBXBuildFile; fileRef = 5CECC83018F670DA00FAC4A2 /* new-g-plus-icon-64.png */; };
		5CECC83618F671F200FAC4A2 /* FB-f-Logo__blue_72.png in Resources */ = {isa = PBXBuildFile; fileRef = 5CECC83418F671F200FAC4A2 /* FB-f-Logo__blue_72.png */; };
		5CECC83918F6736300FAC4A2 /* Twitter_logo_blue.png in Resources */ = {isa = PBXBuildFile; fileRef = 5CECC83818F6736300FAC4A2 /* Twitter_logo_blue.png */; };
		5CECC83B18F7956600FAC4A2 /* turkey.png in Resources */ = {isa = PBXBuildFile; fileRef = 5CECC83A18F7956600FAC4A2 /* turkey.png */; };
		5CFB6610190E098E007EF741 /* GEMSearchViewController.m in Sources */ = {isa = PBXBuildFile; fileRef = 5CFB660F190E098E007EF741 /* GEMSearchViewController.m */; };
/* End PBXBuildFile section */

/* Begin PBXContainerItemProxy section */
		5CD654D518EE5FE70015E244 /* PBXContainerItemProxy */ = {
			isa = PBXContainerItemProxy;
			containerPortal = 5CD654A418EE5FE60015E244 /* Project object */;
			proxyType = 1;
			remoteGlobalIDString = 5CD654AB18EE5FE60015E244;
			remoteInfo = "Colab-a-list";
		};
/* End PBXContainerItemProxy section */

/* Begin PBXFileReference section */
		5C0EA41D18F51CFB0065545C /* GEMWebViewController.h */ = {isa = PBXFileReference; fileEncoding = 4; lastKnownFileType = sourcecode.c.h; path = GEMWebViewController.h; sourceTree = "<group>"; };
		5C0EA41E18F51CFB0065545C /* GEMWebViewController.m */ = {isa = PBXFileReference; fileEncoding = 4; lastKnownFileType = sourcecode.c.objc; path = GEMWebViewController.m; sourceTree = "<group>"; };
		5C3657F918FF8AF2002D77CE /* GEMSettingsManager.h */ = {isa = PBXFileReference; fileEncoding = 4; lastKnownFileType = sourcecode.c.h; path = GEMSettingsManager.h; sourceTree = "<group>"; };
		5C3657FA18FF8AF2002D77CE /* GEMSettingsManager.m */ = {isa = PBXFileReference; fileEncoding = 4; lastKnownFileType = sourcecode.c.objc; path = GEMSettingsManager.m; sourceTree = "<group>"; };
		5C3657FC18FFAB69002D77CE /* checkmark.png */ = {isa = PBXFileReference; lastKnownFileType = image.png; path = checkmark.png; sourceTree = "<group>"; };
		5C3657FD18FFAB69002D77CE /* checkmark@2x.png */ = {isa = PBXFileReference; lastKnownFileType = image.png; path = "checkmark@2x.png"; sourceTree = "<group>"; };
		5C36580018FFBF05002D77CE /* GEMSearchTableViewController.h */ = {isa = PBXFileReference; fileEncoding = 4; lastKnownFileType = sourcecode.c.h; path = GEMSearchTableViewController.h; sourceTree = "<group>"; };
		5C36580118FFBF05002D77CE /* GEMSearchTableViewController.m */ = {isa = PBXFileReference; fileEncoding = 4; lastKnownFileType = sourcecode.c.objc; path = GEMSearchTableViewController.m; sourceTree = "<group>"; };
		5C3658031900CFEF002D77CE /* launchImage2x.png */ = {isa = PBXFileReference; lastKnownFileType = image.png; path = launchImage2x.png; sourceTree = "<group>"; };
		5C3658041900CFEF002D77CE /* launchImageR4.png */ = {isa = PBXFileReference; lastKnownFileType = image.png; path = launchImageR4.png; sourceTree = "<group>"; };
		5C3FF83F18F22F1B00794524 /* GEMAddItemViewController.h */ = {isa = PBXFileReference; fileEncoding = 4; lastKnownFileType = sourcecode.c.h; path = GEMAddItemViewController.h; sourceTree = "<group>"; };
		5C3FF84018F22F1B00794524 /* GEMAddItemViewController.m */ = {isa = PBXFileReference; fileEncoding = 4; lastKnownFileType = sourcecode.c.objc; path = GEMAddItemViewController.m; sourceTree = "<group>"; };
		5C3FF84218F236B900794524 /* GEMItem.h */ = {isa = PBXFileReference; fileEncoding = 4; lastKnownFileType = sourcecode.c.h; path = GEMItem.h; sourceTree = "<group>"; };
		5C3FF84318F236B900794524 /* GEMItem.m */ = {isa = PBXFileReference; fileEncoding = 4; lastKnownFileType = sourcecode.c.objc; path = GEMItem.m; sourceTree = "<group>"; };
		5C3FF84518F263E400794524 /* GEMSettingsViewController.h */ = {isa = PBXFileReference; fileEncoding = 4; lastKnownFileType = sourcecode.c.h; path = GEMSettingsViewController.h; sourceTree = "<group>"; };
		5C3FF84618F263E400794524 /* GEMSettingsViewController.m */ = {isa = PBXFileReference; fileEncoding = 4; lastKnownFileType = sourcecode.c.objc; path = GEMSettingsViewController.m; sourceTree = "<group>"; };
		5C3FF84918F2641300794524 /* GEMAboutViewController.h */ = {isa = PBXFileReference; fileEncoding = 4; lastKnownFileType = sourcecode.c.h; path = GEMAboutViewController.h; sourceTree = "<group>"; };
		5C3FF84A18F2641300794524 /* GEMAboutViewController.m */ = {isa = PBXFileReference; fileEncoding = 4; lastKnownFileType = sourcecode.c.objc; path = GEMAboutViewController.m; sourceTree = "<group>"; };
		5CB7DF0418F97BE30025430A /* GEMRecipe.h */ = {isa = PBXFileReference; fileEncoding = 4; lastKnownFileType = sourcecode.c.h; path = GEMRecipe.h; sourceTree = "<group>"; };
		5CB7DF0518F97BE30025430A /* GEMRecipe.m */ = {isa = PBXFileReference; fileEncoding = 4; lastKnownFileType = sourcecode.c.objc; path = GEMRecipe.m; sourceTree = "<group>"; };
		5CD654AC18EE5FE70015E244 /* Colab-a-list.app */ = {isa = PBXFileReference; explicitFileType = wrapper.application; includeInIndex = 0; path = "Colab-a-list.app"; sourceTree = BUILT_PRODUCTS_DIR; };
		5CD654AF18EE5FE70015E244 /* Foundation.framework */ = {isa = PBXFileReference; lastKnownFileType = wrapper.framework; name = Foundation.framework; path = System/Library/Frameworks/Foundation.framework; sourceTree = SDKROOT; };
		5CD654B118EE5FE70015E244 /* CoreGraphics.framework */ = {isa = PBXFileReference; lastKnownFileType = wrapper.framework; name = CoreGraphics.framework; path = System/Library/Frameworks/CoreGraphics.framework; sourceTree = SDKROOT; };
		5CD654B318EE5FE70015E244 /* UIKit.framework */ = {isa = PBXFileReference; lastKnownFileType = wrapper.framework; name = UIKit.framework; path = System/Library/Frameworks/UIKit.framework; sourceTree = SDKROOT; };
		5CD654B718EE5FE70015E244 /* Colab-a-list-Info.plist */ = {isa = PBXFileReference; lastKnownFileType = text.plist.xml; path = "Colab-a-list-Info.plist"; sourceTree = "<group>"; };
		5CD654B918EE5FE70015E244 /* en */ = {isa = PBXFileReference; lastKnownFileType = text.plist.strings; name = en; path = en.lproj/InfoPlist.strings; sourceTree = "<group>"; };
		5CD654BB18EE5FE70015E244 /* main.m */ = {isa = PBXFileReference; lastKnownFileType = sourcecode.c.objc; path = main.m; sourceTree = "<group>"; };
		5CD654BD18EE5FE70015E244 /* Colab-a-list-Prefix.pch */ = {isa = PBXFileReference; lastKnownFileType = sourcecode.c.h; path = "Colab-a-list-Prefix.pch"; sourceTree = "<group>"; };
		5CD654BE18EE5FE70015E244 /* GEMAppDelegate.h */ = {isa = PBXFileReference; lastKnownFileType = sourcecode.c.h; path = GEMAppDelegate.h; sourceTree = "<group>"; };
		5CD654BF18EE5FE70015E244 /* GEMAppDelegate.m */ = {isa = PBXFileReference; lastKnownFileType = sourcecode.c.objc; path = GEMAppDelegate.m; sourceTree = "<group>"; };
		5CD654C218EE5FE70015E244 /* Base */ = {isa = PBXFileReference; lastKnownFileType = file.storyboard; name = Base; path = Base.lproj/Main_iPhone.storyboard; sourceTree = "<group>"; };
		5CD654C518EE5FE70015E244 /* Base */ = {isa = PBXFileReference; lastKnownFileType = file.storyboard; name = Base; path = Base.lproj/Main_iPad.storyboard; sourceTree = "<group>"; };
		5CD654CA18EE5FE70015E244 /* Images.xcassets */ = {isa = PBXFileReference; lastKnownFileType = folder.assetcatalog; path = Images.xcassets; sourceTree = "<group>"; };
		5CD654D018EE5FE70015E244 /* Colab-a-listTests.xctest */ = {isa = PBXFileReference; explicitFileType = wrapper.cfbundle; includeInIndex = 0; path = "Colab-a-listTests.xctest"; sourceTree = BUILT_PRODUCTS_DIR; };
		5CD654D118EE5FE70015E244 /* XCTest.framework */ = {isa = PBXFileReference; lastKnownFileType = wrapper.framework; name = XCTest.framework; path = Library/Frameworks/XCTest.framework; sourceTree = DEVELOPER_DIR; };
		5CD654D918EE5FE70015E244 /* Colab-a-listTests-Info.plist */ = {isa = PBXFileReference; lastKnownFileType = text.plist.xml; path = "Colab-a-listTests-Info.plist"; sourceTree = "<group>"; };
		5CD654DB18EE5FE70015E244 /* en */ = {isa = PBXFileReference; lastKnownFileType = text.plist.strings; name = en; path = en.lproj/InfoPlist.strings; sourceTree = "<group>"; };
		5CD654DD18EE5FE70015E244 /* Colab_a_listTests.m */ = {isa = PBXFileReference; lastKnownFileType = sourcecode.c.objc; path = Colab_a_listTests.m; sourceTree = "<group>"; };
		5CD654E818F1D3730015E244 /* SWRevealViewController.h */ = {isa = PBXFileReference; fileEncoding = 4; lastKnownFileType = sourcecode.c.h; path = SWRevealViewController.h; sourceTree = "<group>"; };
		5CD654E918F1D3730015E244 /* SWRevealViewController.m */ = {isa = PBXFileReference; fileEncoding = 4; lastKnownFileType = sourcecode.c.objc; path = SWRevealViewController.m; sourceTree = "<group>"; };
		5CD654EE18F1F1F70015E244 /* GEMSideBarTableViewController.h */ = {isa = PBXFileReference; fileEncoding = 4; lastKnownFileType = sourcecode.c.h; path = GEMSideBarTableViewController.h; sourceTree = "<group>"; };
		5CD654EF18F1F1F70015E244 /* GEMSideBarTableViewController.m */ = {isa = PBXFileReference; fileEncoding = 4; lastKnownFileType = sourcecode.c.objc; path = GEMSideBarTableViewController.m; sourceTree = "<group>"; };
		5CD654F118F1F3480015E244 /* GEMShoppingListTableViewController.h */ = {isa = PBXFileReference; fileEncoding = 4; lastKnownFileType = sourcecode.c.h; path = GEMShoppingListTableViewController.h; sourceTree = "<group>"; };
		5CD654F218F1F3480015E244 /* GEMShoppingListTableViewController.m */ = {isa = PBXFileReference; fileEncoding = 4; lastKnownFileType = sourcecode.c.objc; path = GEMShoppingListTableViewController.m; sourceTree = "<group>"; };
		5CD654F418F220340015E244 /* GEMRecipesTableViewController.h */ = {isa = PBXFileReference; fileEncoding = 4; lastKnownFileType = sourcecode.c.h; path = GEMRecipesTableViewController.h; sourceTree = "<group>"; };
		5CD654F518F220340015E244 /* GEMRecipesTableViewController.m */ = {isa = PBXFileReference; fileEncoding = 4; lastKnownFileType = sourcecode.c.objc; path = GEMRecipesTableViewController.m; sourceTree = "<group>"; };
		5CD654F718F2206D0015E244 /* GEMMealPlanViewController.h */ = {isa = PBXFileReference; fileEncoding = 4; lastKnownFileType = sourcecode.c.h; path = GEMMealPlanViewController.h; sourceTree = "<group>"; };
		5CD654F818F2206D0015E244 /* GEMMealPlanViewController.m */ = {isa = PBXFileReference; fileEncoding = 4; lastKnownFileType = sourcecode.c.objc; path = GEMMealPlanViewController.m; sourceTree = "<group>"; };
		5CE95EF518FB740700C92378 /* seed.plist */ = {isa = PBXFileReference; fileEncoding = 4; lastKnownFileType = text.plist.xml; path = seed.plist; sourceTree = "<group>"; };
		5CECC82C18F6618600FAC4A2 /* menuIcon.png */ = {isa = PBXFileReference; lastKnownFileType = image.png; path = menuIcon.png; sourceTree = "<group>"; };
		5CECC83018F670DA00FAC4A2 /* new-g-plus-icon-64.png */ = {isa = PBXFileReference; lastKnownFileType = image.png; path = "new-g-plus-icon-64.png"; sourceTree = "<group>"; };
		5CECC83418F671F200FAC4A2 /* FB-f-Logo__blue_72.png */ = {isa = PBXFileReference; lastKnownFileType = image.png; path = "FB-f-Logo__blue_72.png"; sourceTree = "<group>"; };
		5CECC83818F6736300FAC4A2 /* Twitter_logo_blue.png */ = {isa = PBXFileReference; lastKnownFileType = image.png; path = Twitter_logo_blue.png; sourceTree = "<group>"; };
		5CECC83A18F7956600FAC4A2 /* turkey.png */ = {isa = PBXFileReference; lastKnownFileType = image.png; path = turkey.png; sourceTree = "<group>"; };
		5CFB660E190E098E007EF741 /* GEMSearchViewController.h */ = {isa = PBXFileReference; fileEncoding = 4; lastKnownFileType = sourcecode.c.h; path = GEMSearchViewController.h; sourceTree = "<group>"; };
		5CFB660F190E098E007EF741 /* GEMSearchViewController.m */ = {isa = PBXFileReference; fileEncoding = 4; lastKnownFileType = sourcecode.c.objc; path = GEMSearchViewController.m; sourceTree = "<group>"; };
/* End PBXFileReference section */

/* Begin PBXFrameworksBuildPhase section */
		5CD654A918EE5FE60015E244 /* Frameworks */ = {
			isa = PBXFrameworksBuildPhase;
			buildActionMask = 2147483647;
			files = (
				5CD654B218EE5FE70015E244 /* CoreGraphics.framework in Frameworks */,
				5CD654B418EE5FE70015E244 /* UIKit.framework in Frameworks */,
				5CD654B018EE5FE70015E244 /* Foundation.framework in Frameworks */,
			);
			runOnlyForDeploymentPostprocessing = 0;
		};
		5CD654CD18EE5FE70015E244 /* Frameworks */ = {
			isa = PBXFrameworksBuildPhase;
			buildActionMask = 2147483647;
			files = (
				5CD654D218EE5FE70015E244 /* XCTest.framework in Frameworks */,
				5CD654D418EE5FE70015E244 /* UIKit.framework in Frameworks */,
				5CD654D318EE5FE70015E244 /* Foundation.framework in Frameworks */,
			);
			runOnlyForDeploymentPostprocessing = 0;
		};
/* End PBXFrameworksBuildPhase section */

/* Begin PBXGroup section */
		5C0EA41618F5154B0065545C /* Assets */ = {
			isa = PBXGroup;
			children = (
				5C3658031900CFEF002D77CE /* launchImage2x.png */,
				5C3658041900CFEF002D77CE /* launchImageR4.png */,
				5C3657FC18FFAB69002D77CE /* checkmark.png */,
				5C3657FD18FFAB69002D77CE /* checkmark@2x.png */,
				5CECC83018F670DA00FAC4A2 /* new-g-plus-icon-64.png */,
				5CECC83418F671F200FAC4A2 /* FB-f-Logo__blue_72.png */,
				5CECC83818F6736300FAC4A2 /* Twitter_logo_blue.png */,
				5CECC82C18F6618600FAC4A2 /* menuIcon.png */,
				5CECC83A18F7956600FAC4A2 /* turkey.png */,
				5CE95EF518FB740700C92378 /* seed.plist */,
			);
			name = Assets;
			sourceTree = "<group>";
		};
		5C3FF84818F263F800794524 /* Settings */ = {
			isa = PBXGroup;
			children = (
				5C3FF84518F263E400794524 /* GEMSettingsViewController.h */,
				5C3FF84618F263E400794524 /* GEMSettingsViewController.m */,
				5C3657F918FF8AF2002D77CE /* GEMSettingsManager.h */,
				5C3657FA18FF8AF2002D77CE /* GEMSettingsManager.m */,
			);
			name = Settings;
			sourceTree = "<group>";
		};
		5C3FF84C18F2641E00794524 /* About */ = {
			isa = PBXGroup;
			children = (
				5C3FF84918F2641300794524 /* GEMAboutViewController.h */,
				5C3FF84A18F2641300794524 /* GEMAboutViewController.m */,
				5C0EA41D18F51CFB0065545C /* GEMWebViewController.h */,
				5C0EA41E18F51CFB0065545C /* GEMWebViewController.m */,
			);
			name = About;
			sourceTree = "<group>";
		};
		5CD654A318EE5FE60015E244 = {
			isa = PBXGroup;
			children = (
				5CD654B518EE5FE70015E244 /* Colab-a-list */,
				5CD654D718EE5FE70015E244 /* Colab-a-listTests */,
				5CD654AE18EE5FE70015E244 /* Frameworks */,
				5CD654AD18EE5FE70015E244 /* Products */,
			);
			sourceTree = "<group>";
		};
		5CD654AD18EE5FE70015E244 /* Products */ = {
			isa = PBXGroup;
			children = (
				5CD654AC18EE5FE70015E244 /* Colab-a-list.app */,
				5CD654D018EE5FE70015E244 /* Colab-a-listTests.xctest */,
			);
			name = Products;
			sourceTree = "<group>";
		};
		5CD654AE18EE5FE70015E244 /* Frameworks */ = {
			isa = PBXGroup;
			children = (
				5CD654AF18EE5FE70015E244 /* Foundation.framework */,
				5CD654B118EE5FE70015E244 /* CoreGraphics.framework */,
				5CD654B318EE5FE70015E244 /* UIKit.framework */,
				5CD654D118EE5FE70015E244 /* XCTest.framework */,
			);
			name = Frameworks;
			sourceTree = "<group>";
		};
		5CD654B518EE5FE70015E244 /* Colab-a-list */ = {
			isa = PBXGroup;
			children = (
				5CD654BE18EE5FE70015E244 /* GEMAppDelegate.h */,
				5CD654BF18EE5FE70015E244 /* GEMAppDelegate.m */,
				5CD654C118EE5FE70015E244 /* Main_iPhone.storyboard */,
				5CD654C418EE5FE70015E244 /* Main_iPad.storyboard */,
				5CD654FD18F221A20015E244 /* Sidebar */,
				5CD654FC18F2218A0015E244 /* Shopping */,
				5CD654FB18F221400015E244 /* Recipes */,
				5CD654FA18F221350015E244 /* Meal Plan */,
				5C3FF84818F263F800794524 /* Settings */,
				5C3FF84C18F2641E00794524 /* About */,
				5C0EA41618F5154B0065545C /* Assets */,
				5CD654CA18EE5FE70015E244 /* Images.xcassets */,
				5CD654E718F1D3730015E244 /* Library */,
				5CD654B618EE5FE70015E244 /* Supporting Files */,
			);
			path = "Colab-a-list";
			sourceTree = "<group>";
		};
		5CD654B618EE5FE70015E244 /* Supporting Files */ = {
			isa = PBXGroup;
			children = (
				5CD654B718EE5FE70015E244 /* Colab-a-list-Info.plist */,
				5CD654B818EE5FE70015E244 /* InfoPlist.strings */,
				5CD654BB18EE5FE70015E244 /* main.m */,
				5CD654BD18EE5FE70015E244 /* Colab-a-list-Prefix.pch */,
			);
			name = "Supporting Files";
			sourceTree = "<group>";
		};
		5CD654D718EE5FE70015E244 /* Colab-a-listTests */ = {
			isa = PBXGroup;
			children = (
				5CD654DD18EE5FE70015E244 /* Colab_a_listTests.m */,
				5CD654D818EE5FE70015E244 /* Supporting Files */,
			);
			path = "Colab-a-listTests";
			sourceTree = "<group>";
		};
		5CD654D818EE5FE70015E244 /* Supporting Files */ = {
			isa = PBXGroup;
			children = (
				5CD654D918EE5FE70015E244 /* Colab-a-listTests-Info.plist */,
				5CD654DA18EE5FE70015E244 /* InfoPlist.strings */,
			);
			name = "Supporting Files";
			sourceTree = "<group>";
		};
		5CD654E718F1D3730015E244 /* Library */ = {
			isa = PBXGroup;
			children = (
				5CD654E818F1D3730015E244 /* SWRevealViewController.h */,
				5CD654E918F1D3730015E244 /* SWRevealViewController.m */,
			);
			name = Library;
			path = SWRevealViewController;
			sourceTree = "<group>";
		};
		5CD654FA18F221350015E244 /* Meal Plan */ = {
			isa = PBXGroup;
			children = (
				5CD654F718F2206D0015E244 /* GEMMealPlanViewController.h */,
				5CD654F818F2206D0015E244 /* GEMMealPlanViewController.m */,
			);
			name = "Meal Plan";
			sourceTree = "<group>";
		};
		5CD654FB18F221400015E244 /* Recipes */ = {
			isa = PBXGroup;
			children = (
				5CD654F418F220340015E244 /* GEMRecipesTableViewController.h */,
				5CD654F518F220340015E244 /* GEMRecipesTableViewController.m */,
				5CFB660E190E098E007EF741 /* GEMSearchViewController.h */,
				5CFB660F190E098E007EF741 /* GEMSearchViewController.m */,
				5CB7DF0418F97BE30025430A /* GEMRecipe.h */,
				5CB7DF0518F97BE30025430A /* GEMRecipe.m */,
			);
			name = Recipes;
			sourceTree = "<group>";
		};
		5CD654FC18F2218A0015E244 /* Shopping */ = {
			isa = PBXGroup;
			children = (
				5CD654F118F1F3480015E244 /* GEMShoppingListTableViewController.h */,
				5CD654F218F1F3480015E244 /* GEMShoppingListTableViewController.m */,
				5C3FF83F18F22F1B00794524 /* GEMAddItemViewController.h */,
				5C3FF84018F22F1B00794524 /* GEMAddItemViewController.m */,
				5C36580018FFBF05002D77CE /* GEMSearchTableViewController.h */,
				5C36580118FFBF05002D77CE /* GEMSearchTableViewController.m */,
				5C3FF84218F236B900794524 /* GEMItem.h */,
				5C3FF84318F236B900794524 /* GEMItem.m */,
			);
			name = Shopping;
			sourceTree = "<group>";
		};
		5CD654FD18F221A20015E244 /* Sidebar */ = {
			isa = PBXGroup;
			children = (
				5CD654EE18F1F1F70015E244 /* GEMSideBarTableViewController.h */,
				5CD654EF18F1F1F70015E244 /* GEMSideBarTableViewController.m */,
			);
			name = Sidebar;
			sourceTree = "<group>";
		};
/* End PBXGroup section */

/* Begin PBXNativeTarget section */
		5CD654AB18EE5FE60015E244 /* Colab-a-list */ = {
			isa = PBXNativeTarget;
			buildConfigurationList = 5CD654E118EE5FE70015E244 /* Build configuration list for PBXNativeTarget "Colab-a-list" */;
			buildPhases = (
				5CD654A818EE5FE60015E244 /* Sources */,
				5CD654A918EE5FE60015E244 /* Frameworks */,
				5CD654AA18EE5FE60015E244 /* Resources */,
			);
			buildRules = (
			);
			dependencies = (
			);
			name = "Colab-a-list";
			productName = "Colab-a-list";
			productReference = 5CD654AC18EE5FE70015E244 /* Colab-a-list.app */;
			productType = "com.apple.product-type.application";
		};
		5CD654CF18EE5FE70015E244 /* Colab-a-listTests */ = {
			isa = PBXNativeTarget;
			buildConfigurationList = 5CD654E418EE5FE70015E244 /* Build configuration list for PBXNativeTarget "Colab-a-listTests" */;
			buildPhases = (
				5CD654CC18EE5FE70015E244 /* Sources */,
				5CD654CD18EE5FE70015E244 /* Frameworks */,
				5CD654CE18EE5FE70015E244 /* Resources */,
			);
			buildRules = (
			);
			dependencies = (
				5CD654D618EE5FE70015E244 /* PBXTargetDependency */,
			);
			name = "Colab-a-listTests";
			productName = "Colab-a-listTests";
			productReference = 5CD654D018EE5FE70015E244 /* Colab-a-listTests.xctest */;
			productType = "com.apple.product-type.bundle.unit-test";
		};
/* End PBXNativeTarget section */

/* Begin PBXProject section */
		5CD654A418EE5FE60015E244 /* Project object */ = {
			isa = PBXProject;
			attributes = {
				CLASSPREFIX = GEM;
				LastUpgradeCheck = 0510;
				ORGANIZATIONNAME = "Garcia Enterprise";
				TargetAttributes = {
					5CD654CF18EE5FE70015E244 = {
						TestTargetID = 5CD654AB18EE5FE60015E244;
					};
				};
			};
			buildConfigurationList = 5CD654A718EE5FE60015E244 /* Build configuration list for PBXProject "Colab-a-list" */;
			compatibilityVersion = "Xcode 3.2";
			developmentRegion = English;
			hasScannedForEncodings = 0;
			knownRegions = (
				en,
				Base,
			);
			mainGroup = 5CD654A318EE5FE60015E244;
			productRefGroup = 5CD654AD18EE5FE70015E244 /* Products */;
			projectDirPath = "";
			projectRoot = "";
			targets = (
				5CD654AB18EE5FE60015E244 /* Colab-a-list */,
				5CD654CF18EE5FE70015E244 /* Colab-a-listTests */,
			);
		};
/* End PBXProject section */

/* Begin PBXResourcesBuildPhase section */
		5CD654AA18EE5FE60015E244 /* Resources */ = {
			isa = PBXResourcesBuildPhase;
			buildActionMask = 2147483647;
			files = (
				5C3658051900CFEF002D77CE /* launchImage2x.png in Resources */,
				5CD654C618EE5FE70015E244 /* Main_iPad.storyboard in Resources */,
				5CECC83918F6736300FAC4A2 /* Twitter_logo_blue.png in Resources */,
				5CECC83118F670DA00FAC4A2 /* new-g-plus-icon-64.png in Resources */,
				5C3658061900CFEF002D77CE /* launchImageR4.png in Resources */,
				5CD654CB18EE5FE70015E244 /* Images.xcassets in Resources */,
				5CD654C318EE5FE70015E244 /* Main_iPhone.storyboard in Resources */,
				5C3657FF18FFAB69002D77CE /* checkmark@2x.png in Resources */,
				5CECC83B18F7956600FAC4A2 /* turkey.png in Resources */,
				5CECC82D18F6618600FAC4A2 /* menuIcon.png in Resources */,
				5CECC83618F671F200FAC4A2 /* FB-f-Logo__blue_72.png in Resources */,
				5C3657FE18FFAB69002D77CE /* checkmark.png in Resources */,
				5CE95EF618FB740700C92378 /* seed.plist in Resources */,
				5CD654BA18EE5FE70015E244 /* InfoPlist.strings in Resources */,
			);
			runOnlyForDeploymentPostprocessing = 0;
		};
		5CD654CE18EE5FE70015E244 /* Resources */ = {
			isa = PBXResourcesBuildPhase;
			buildActionMask = 2147483647;
			files = (
				5CD654DC18EE5FE70015E244 /* InfoPlist.strings in Resources */,
			);
			runOnlyForDeploymentPostprocessing = 0;
		};
/* End PBXResourcesBuildPhase section */

/* Begin PBXSourcesBuildPhase section */
		5CD654A818EE5FE60015E244 /* Sources */ = {
			isa = PBXSourcesBuildPhase;
			buildActionMask = 2147483647;
			files = (
				5CD654F918F2206D0015E244 /* GEMMealPlanViewController.m in Sources */,
				5CD654C018EE5FE70015E244 /* GEMAppDelegate.m in Sources */,
				5CFB6610190E098E007EF741 /* GEMSearchViewController.m in Sources */,
				5C3657FB18FF8AF2002D77CE /* GEMSettingsManager.m in Sources */,
				5CD654F318F1F3480015E244 /* GEMShoppingListTableViewController.m in Sources */,
				5CD654BC18EE5FE70015E244 /* main.m in Sources */,
				5CD654F618F220340015E244 /* GEMRecipesTableViewController.m in Sources */,
				5C3FF84718F263E400794524 /* GEMSettingsViewController.m in Sources */,
				5C3FF84B18F2641300794524 /* GEMAboutViewController.m in Sources */,
				5C3FF84118F22F1B00794524 /* GEMAddItemViewController.m in Sources */,
				5CB7DF0618F97BE30025430A /* GEMRecipe.m in Sources */,
				5C0EA41F18F51CFB0065545C /* GEMWebViewController.m in Sources */,
				5C3FF84418F236B900794524 /* GEMItem.m in Sources */,
				5CD654F018F1F1F70015E244 /* GEMSideBarTableViewController.m in Sources */,
				5CD654EA18F1D3730015E244 /* SWRevealViewController.m in Sources */,
				5C36580218FFBF05002D77CE /* GEMSearchTableViewController.m in Sources */,
			);
			runOnlyForDeploymentPostprocessing = 0;
		};
		5CD654CC18EE5FE70015E244 /* Sources */ = {
			isa = PBXSourcesBuildPhase;
			buildActionMask = 2147483647;
			files = (
				5CD654DE18EE5FE70015E244 /* Colab_a_listTests.m in Sources */,
			);
			runOnlyForDeploymentPostprocessing = 0;
		};
/* End PBXSourcesBuildPhase section */

/* Begin PBXTargetDependency section */
		5CD654D618EE5FE70015E244 /* PBXTargetDependency */ = {
			isa = PBXTargetDependency;
			target = 5CD654AB18EE5FE60015E244 /* Colab-a-list */;
			targetProxy = 5CD654D518EE5FE70015E244 /* PBXContainerItemProxy */;
		};
/* End PBXTargetDependency section */

/* Begin PBXVariantGroup section */
		5CD654B818EE5FE70015E244 /* InfoPlist.strings */ = {
			isa = PBXVariantGroup;
			children = (
				5CD654B918EE5FE70015E244 /* en */,
			);
			name = InfoPlist.strings;
			sourceTree = "<group>";
		};
		5CD654C118EE5FE70015E244 /* Main_iPhone.storyboard */ = {
			isa = PBXVariantGroup;
			children = (
				5CD654C218EE5FE70015E244 /* Base */,
			);
			name = Main_iPhone.storyboard;
			sourceTree = "<group>";
		};
		5CD654C418EE5FE70015E244 /* Main_iPad.storyboard */ = {
			isa = PBXVariantGroup;
			children = (
				5CD654C518EE5FE70015E244 /* Base */,
			);
			name = Main_iPad.storyboard;
			sourceTree = "<group>";
		};
		5CD654DA18EE5FE70015E244 /* InfoPlist.strings */ = {
			isa = PBXVariantGroup;
			children = (
				5CD654DB18EE5FE70015E244 /* en */,
			);
			name = InfoPlist.strings;
			sourceTree = "<group>";
		};
/* End PBXVariantGroup section */

/* Begin XCBuildConfiguration section */
		5CD654DF18EE5FE70015E244 /* Debug */ = {
			isa = XCBuildConfiguration;
			buildSettings = {
				ALWAYS_SEARCH_USER_PATHS = NO;
				CLANG_CXX_LANGUAGE_STANDARD = "gnu++0x";
				CLANG_CXX_LIBRARY = "libc++";
				CLANG_ENABLE_MODULES = YES;
				CLANG_ENABLE_OBJC_ARC = YES;
				CLANG_WARN_BOOL_CONVERSION = YES;
				CLANG_WARN_CONSTANT_CONVERSION = YES;
				CLANG_WARN_DIRECT_OBJC_ISA_USAGE = YES_ERROR;
				CLANG_WARN_EMPTY_BODY = YES;
				CLANG_WARN_ENUM_CONVERSION = YES;
				CLANG_WARN_INT_CONVERSION = YES;
				CLANG_WARN_OBJC_ROOT_CLASS = YES_ERROR;
				CLANG_WARN__DUPLICATE_METHOD_MATCH = YES;
				"CODE_SIGN_IDENTITY[sdk=iphoneos*]" = "iPhone Developer";
				COPY_PHASE_STRIP = NO;
				GCC_C_LANGUAGE_STANDARD = gnu99;
				GCC_DYNAMIC_NO_PIC = NO;
				GCC_OPTIMIZATION_LEVEL = 0;
				GCC_PREPROCESSOR_DEFINITIONS = (
					"DEBUG=1",
					"$(inherited)",
				);
				GCC_SYMBOLS_PRIVATE_EXTERN = NO;
				GCC_WARN_64_TO_32_BIT_CONVERSION = YES;
				GCC_WARN_ABOUT_RETURN_TYPE = YES_ERROR;
				GCC_WARN_UNDECLARED_SELECTOR = YES;
				GCC_WARN_UNINITIALIZED_AUTOS = YES_AGGRESSIVE;
				GCC_WARN_UNUSED_FUNCTION = YES;
				GCC_WARN_UNUSED_VARIABLE = YES;
				IPHONEOS_DEPLOYMENT_TARGET = 7.1;
				ONLY_ACTIVE_ARCH = YES;
				SDKROOT = iphoneos;
				TARGETED_DEVICE_FAMILY = "1,2";
			};
			name = Debug;
		};
		5CD654E018EE5FE70015E244 /* Release */ = {
			isa = XCBuildConfiguration;
			buildSettings = {
				ALWAYS_SEARCH_USER_PATHS = NO;
				CLANG_CXX_LANGUAGE_STANDARD = "gnu++0x";
				CLANG_CXX_LIBRARY = "libc++";
				CLANG_ENABLE_MODULES = YES;
				CLANG_ENABLE_OBJC_ARC = YES;
				CLANG_WARN_BOOL_CONVERSION = YES;
				CLANG_WARN_CONSTANT_CONVERSION = YES;
				CLANG_WARN_DIRECT_OBJC_ISA_USAGE = YES_ERROR;
				CLANG_WARN_EMPTY_BODY = YES;
				CLANG_WARN_ENUM_CONVERSION = YES;
				CLANG_WARN_INT_CONVERSION = YES;
				CLANG_WARN_OBJC_ROOT_CLASS = YES_ERROR;
				CLANG_WARN__DUPLICATE_METHOD_MATCH = YES;
				"CODE_SIGN_IDENTITY[sdk=iphoneos*]" = "iPhone Developer";
				COPY_PHASE_STRIP = YES;
				ENABLE_NS_ASSERTIONS = NO;
				GCC_C_LANGUAGE_STANDARD = gnu99;
				GCC_WARN_64_TO_32_BIT_CONVERSION = YES;
				GCC_WARN_ABOUT_RETURN_TYPE = YES_ERROR;
				GCC_WARN_UNDECLARED_SELECTOR = YES;
				GCC_WARN_UNINITIALIZED_AUTOS = YES_AGGRESSIVE;
				GCC_WARN_UNUSED_FUNCTION = YES;
				GCC_WARN_UNUSED_VARIABLE = YES;
				IPHONEOS_DEPLOYMENT_TARGET = 7.1;
				SDKROOT = iphoneos;
				TARGETED_DEVICE_FAMILY = "1,2";
				VALIDATE_PRODUCT = YES;
			};
			name = Release;
		};
		5CD654E218EE5FE70015E244 /* Debug */ = {
			isa = XCBuildConfiguration;
			buildSettings = {
				ASSETCATALOG_COMPILER_APPICON_NAME = AppIcon;
				ASSETCATALOG_COMPILER_LAUNCHIMAGE_NAME = LaunchImage;
				GCC_PRECOMPILE_PREFIX_HEADER = YES;
				GCC_PREFIX_HEADER = "Colab-a-list/Colab-a-list-Prefix.pch";
				INFOPLIST_FILE = "Colab-a-list/Colab-a-list-Info.plist";
				PRODUCT_NAME = "$(TARGET_NAME)";
				WRAPPER_EXTENSION = app;
			};
			name = Debug;
		};
		5CD654E318EE5FE70015E244 /* Release */ = {
			isa = XCBuildConfiguration;
			buildSettings = {
				ASSETCATALOG_COMPILER_APPICON_NAME = AppIcon;
				ASSETCATALOG_COMPILER_LAUNCHIMAGE_NAME = LaunchImage;
				GCC_PRECOMPILE_PREFIX_HEADER = YES;
				GCC_PREFIX_HEADER = "Colab-a-list/Colab-a-list-Prefix.pch";
				INFOPLIST_FILE = "Colab-a-list/Colab-a-list-Info.plist";
				PRODUCT_NAME = "$(TARGET_NAME)";
				WRAPPER_EXTENSION = app;
			};
			name = Release;
		};
		5CD654E518EE5FE70015E244 /* Debug */ = {
			isa = XCBuildConfiguration;
			buildSettings = {
				BUNDLE_LOADER = "$(BUILT_PRODUCTS_DIR)/Colab-a-list.app/Colab-a-list";
				FRAMEWORK_SEARCH_PATHS = (
					"$(SDKROOT)/Developer/Library/Frameworks",
					"$(inherited)",
					"$(DEVELOPER_FRAMEWORKS_DIR)",
				);
				GCC_PRECOMPILE_PREFIX_HEADER = YES;
				GCC_PREFIX_HEADER = "Colab-a-list/Colab-a-list-Prefix.pch";
				GCC_PREPROCESSOR_DEFINITIONS = (
					"DEBUG=1",
					"$(inherited)",
				);
				INFOPLIST_FILE = "Colab-a-listTests/Colab-a-listTests-Info.plist";
				PRODUCT_NAME = "$(TARGET_NAME)";
				TEST_HOST = "$(BUNDLE_LOADER)";
				WRAPPER_EXTENSION = xctest;
			};
			name = Debug;
		};
		5CD654E618EE5FE70015E244 /* Release */ = {
			isa = XCBuildConfiguration;
			buildSettings = {
				BUNDLE_LOADER = "$(BUILT_PRODUCTS_DIR)/Colab-a-list.app/Colab-a-list";
				FRAMEWORK_SEARCH_PATHS = (
					"$(SDKROOT)/Developer/Library/Frameworks",
					"$(inherited)",
					"$(DEVELOPER_FRAMEWORKS_DIR)",
				);
				GCC_PRECOMPILE_PREFIX_HEADER = YES;
				GCC_PREFIX_HEADER = "Colab-a-list/Colab-a-list-Prefix.pch";
				INFOPLIST_FILE = "Colab-a-listTests/Colab-a-listTests-Info.plist";
				PRODUCT_NAME = "$(TARGET_NAME)";
				TEST_HOST = "$(BUNDLE_LOADER)";
				WRAPPER_EXTENSION = xctest;
			};
			name = Release;
		};
/* End XCBuildConfiguration section */

/* Begin XCConfigurationList section */
		5CD654A718EE5FE60015E244 /* Build configuration list for PBXProject "Colab-a-list" */ = {
			isa = XCConfigurationList;
			buildConfigurations = (
				5CD654DF18EE5FE70015E244 /* Debug */,
				5CD654E018EE5FE70015E244 /* Release */,
			);
			defaultConfigurationIsVisible = 0;
			defaultConfigurationName = Release;
		};
		5CD654E118EE5FE70015E244 /* Build configuration list for PBXNativeTarget "Colab-a-list" */ = {
			isa = XCConfigurationList;
			buildConfigurations = (
				5CD654E218EE5FE70015E244 /* Debug */,
				5CD654E318EE5FE70015E244 /* Release */,
			);
			defaultConfigurationIsVisible = 0;
			defaultConfigurationName = Release;
		};
		5CD654E418EE5FE70015E244 /* Build configuration list for PBXNativeTarget "Colab-a-listTests" */ = {
			isa = XCConfigurationList;
			buildConfigurations = (
				5CD654E518EE5FE70015E244 /* Debug */,
				5CD654E618EE5FE70015E244 /* Release */,
			);
			defaultConfigurationIsVisible = 0;
			defaultConfigurationName = Release;
		};
/* End XCConfigurationList section */
	};
	rootObject = 5CD654A418EE5FE60015E244 /* Project object */;
}
